
Microsoft Visual Studio Solution File, Format Version 12.00
# Visual Studio Version 17
VisualStudioVersion = 17.13.35931.197
MinimumVisualStudioVersion = 10.0.40219.1
Project("{FAE04EC0-301F-11D3-BF4B-00C04F79EFBC}") = "DataTables.ServerSideProcessing.EFCore", "DataTables.ServerSideProcessing.EFCore\DataTables.ServerSideProcessing.EFCore.csproj", "{DA1AD45B-08D3-4342-8FAD-A85F84715D72}"
EndProject
Project("{FAE04EC0-301F-11D3-BF4B-00C04F79EFBC}") = "DataTables.ServerSideProcessing.Data", "DataTables.ServerSideProcessing.Data\DataTables.ServerSideProcessing.Data.csproj", "{D463F193-480E-45FA-9A82-23A8BE0A8FCF}"
EndProject
Project("{2150E333-8FDC-42A3-9474-1A3956D46DE8}") = "Solution Items", "Solution Items", "{8EC462FD-D22E-90A8-E5CE-7E832BA40C5D}"
	ProjectSection(SolutionItems) = preProject
		.editorconfig = .editorconfig
		Directory.Build.props = Directory.Build.props
		Directory.Packages.props = Directory.Packages.props
		README.md = README.md
		todo.md = todo.md
	EndProjectSection
EndProject
Project("{FAE04EC0-301F-11D3-BF4B-00C04F79EFBC}") = "Tests", "Tests\Tests.csproj", "{A4B9A372-4113-49BD-BBE4-1ED65068E74E}"
EndProject
Global
	GlobalSection(SolutionConfigurationPlatforms) = preSolution
		Debug|Any CPU = Debug|Any CPU
		Debug|x64 = Debug|x64
		Debug|x86 = Debug|x86
		Release|Any CPU = Release|Any CPU
		Release|x64 = Release|x64
		Release|x86 = Release|x86
	EndGlobalSection
	GlobalSection(ProjectConfigurationPlatforms) = postSolution
		{DA1AD45B-08D3-4342-8FAD-A85F84715D72}.Debug|Any CPU.ActiveCfg = Debug|Any CPU
		{DA1AD45B-08D3-4342-8FAD-A85F84715D72}.Debug|Any CPU.Build.0 = Debug|Any CPU
		{DA1AD45B-08D3-4342-8FAD-A85F84715D72}.Debug|x64.ActiveCfg = Debug|Any CPU
		{DA1AD45B-08D3-4342-8FAD-A85F84715D72}.Debug|x64.Build.0 = Debug|Any CPU
		{DA1AD45B-08D3-4342-8FAD-A85F84715D72}.Debug|x86.ActiveCfg = Debug|Any CPU
		{DA1AD45B-08D3-4342-8FAD-A85F84715D72}.Debug|x86.Build.0 = Debug|Any CPU
		{DA1AD45B-08D3-4342-8FAD-A85F84715D72}.Release|Any CPU.ActiveCfg = Release|Any CPU
		{DA1AD45B-08D3-4342-8FAD-A85F84715D72}.Release|Any CPU.Build.0 = Release|Any CPU
		{DA1AD45B-08D3-4342-8FAD-A85F84715D72}.Release|x64.ActiveCfg = Release|Any CPU
		{DA1AD45B-08D3-4342-8FAD-A85F84715D72}.Release|x64.Build.0 = Release|Any CPU
		{DA1AD45B-08D3-4342-8FAD-A85F84715D72}.Release|x86.ActiveCfg = Release|Any CPU
		{DA1AD45B-08D3-4342-8FAD-A85F84715D72}.Release|x86.Build.0 = Release|Any CPU
		{D463F193-480E-45FA-9A82-23A8BE0A8FCF}.Debug|Any CPU.ActiveCfg = Debug|Any CPU
		{D463F193-480E-45FA-9A82-23A8BE0A8FCF}.Debug|Any CPU.Build.0 = Debug|Any CPU
		{D463F193-480E-45FA-9A82-23A8BE0A8FCF}.Debug|x64.ActiveCfg = Debug|Any CPU
		{D463F193-480E-45FA-9A82-23A8BE0A8FCF}.Debug|x64.Build.0 = Debug|Any CPU
		{D463F193-480E-45FA-9A82-23A8BE0A8FCF}.Debug|x86.ActiveCfg = Debug|Any CPU
		{D463F193-480E-45FA-9A82-23A8BE0A8FCF}.Debug|x86.Build.0 = Debug|Any CPU
		{D463F193-480E-45FA-9A82-23A8BE0A8FCF}.Release|Any CPU.ActiveCfg = Release|Any CPU
		{D463F193-480E-45FA-9A82-23A8BE0A8FCF}.Release|Any CPU.Build.0 = Release|Any CPU
		{D463F193-480E-45FA-9A82-23A8BE0A8FCF}.Release|x64.ActiveCfg = Release|Any CPU
		{D463F193-480E-45FA-9A82-23A8BE0A8FCF}.Release|x64.Build.0 = Release|Any CPU
		{D463F193-480E-45FA-9A82-23A8BE0A8FCF}.Release|x86.ActiveCfg = Release|Any CPU
		{D463F193-480E-45FA-9A82-23A8BE0A8FCF}.Release|x86.Build.0 = Release|Any CPU
		{A4B9A372-4113-49BD-BBE4-1ED65068E74E}.Debug|Any CPU.ActiveCfg = Debug|Any CPU
		{A4B9A372-4113-49BD-BBE4-1ED65068E74E}.Debug|Any CPU.Build.0 = Debug|Any CPU
		{A4B9A372-4113-49BD-BBE4-1ED65068E74E}.Debug|x64.ActiveCfg = Debug|Any CPU
		{A4B9A372-4113-49BD-BBE4-1ED65068E74E}.Debug|x64.Build.0 = Debug|Any CPU
		{A4B9A372-4113-49BD-BBE4-1ED65068E74E}.Debug|x86.ActiveCfg = Debug|Any CPU
		{A4B9A372-4113-49BD-BBE4-1ED65068E74E}.Debug|x86.Build.0 = Debug|Any CPU
		{A4B9A372-4113-49BD-BBE4-1ED65068E74E}.Release|Any CPU.ActiveCfg = Release|Any CPU
		{A4B9A372-4113-49BD-BBE4-1ED65068E74E}.Release|Any CPU.Build.0 = Release|Any CPU
		{A4B9A372-4113-49BD-BBE4-1ED65068E74E}.Release|x64.ActiveCfg = Release|Any CPU
		{A4B9A372-4113-49BD-BBE4-1ED65068E74E}.Release|x64.Build.0 = Release|Any CPU
		{A4B9A372-4113-49BD-BBE4-1ED65068E74E}.Release|x86.ActiveCfg = Release|Any CPU
		{A4B9A372-4113-49BD-BBE4-1ED65068E74E}.Release|x86.Build.0 = Release|Any CPU
	EndGlobalSection
	GlobalSection(SolutionProperties) = preSolution
		HideSolutionNode = FALSE
	EndGlobalSection
	GlobalSection(ExtensibilityGlobals) = postSolution
		SolutionGuid = {5BDF3723-61D0-4633-9995-7B131017D778}
	EndGlobalSection
EndGlobal
